// !$*UTF8*$!
{
	archiveVersion = 1;
	classes = {
	};
	objectVersion = 46;
	objects = {

/* Begin PBXBuildFile section */
		050D8C1F1DF6964A00F9D1BA /* HYLTypeShowViewController.m in Sources */ = {isa = PBXBuildFile; fileRef = 050D8C1E1DF6964A00F9D1BA /* HYLTypeShowViewController.m */; };
		050D8C2A1DF6AD6600F9D1BA /* HYLTypeCollectionViewCell.m in Sources */ = {isa = PBXBuildFile; fileRef = 050D8C271DF6AD6600F9D1BA /* HYLTypeCollectionViewCell.m */; };
		050D8C2B1DF6AD6600F9D1BA /* typeModel.m in Sources */ = {isa = PBXBuildFile; fileRef = 050D8C291DF6AD6600F9D1BA /* typeModel.m */; };
		050D8C391DF6BB5900F9D1BA /* img1.jpg in Resources */ = {isa = PBXBuildFile; fileRef = 050D8C2D1DF6BB5900F9D1BA /* img1.jpg */; };
		050D8C3A1DF6BB5900F9D1BA /* img10.jpg in Resources */ = {isa = PBXBuildFile; fileRef = 050D8C2E1DF6BB5900F9D1BA /* img10.jpg */; };
		050D8C3B1DF6BB5900F9D1BA /* img11.jpg in Resources */ = {isa = PBXBuildFile; fileRef = 050D8C2F1DF6BB5900F9D1BA /* img11.jpg */; };
		050D8C3C1DF6BB5900F9D1BA /* img12.jpg in Resources */ = {isa = PBXBuildFile; fileRef = 050D8C301DF6BB5900F9D1BA /* img12.jpg */; };
		050D8C3D1DF6BB5900F9D1BA /* img2.jpg in Resources */ = {isa = PBXBuildFile; fileRef = 050D8C311DF6BB5900F9D1BA /* img2.jpg */; };
		050D8C3E1DF6BB5900F9D1BA /* img3.jpg in Resources */ = {isa = PBXBuildFile; fileRef = 050D8C321DF6BB5900F9D1BA /* img3.jpg */; };
		050D8C3F1DF6BB5900F9D1BA /* img4.jpg in Resources */ = {isa = PBXBuildFile; fileRef = 050D8C331DF6BB5900F9D1BA /* img4.jpg */; };
		050D8C401DF6BB5900F9D1BA /* img5.jpg in Resources */ = {isa = PBXBuildFile; fileRef = 050D8C341DF6BB5900F9D1BA /* img5.jpg */; };
		050D8C411DF6BB5900F9D1BA /* img6.jpg in Resources */ = {isa = PBXBuildFile; fileRef = 050D8C351DF6BB5900F9D1BA /* img6.jpg */; };
		050D8C421DF6BB5900F9D1BA /* img7.jpg in Resources */ = {isa = PBXBuildFile; fileRef = 050D8C361DF6BB5900F9D1BA /* img7.jpg */; };
		050D8C431DF6BB5900F9D1BA /* img8.jpg in Resources */ = {isa = PBXBuildFile; fileRef = 050D8C371DF6BB5900F9D1BA /* img8.jpg */; };
		050D8C441DF6BB5900F9D1BA /* img9.jpg in Resources */ = {isa = PBXBuildFile; fileRef = 050D8C381DF6BB5900F9D1BA /* img9.jpg */; };
		050D8C4B1DF8128700F9D1BA /* HYLShoppingListVC.m in Sources */ = {isa = PBXBuildFile; fileRef = 050D8C4A1DF8128700F9D1BA /* HYLShoppingListVC.m */; };
		050D8C4E1DF8F63F00F9D1BA /* HYLShoppingListCell.m in Sources */ = {isa = PBXBuildFile; fileRef = 050D8C4D1DF8F63F00F9D1BA /* HYLShoppingListCell.m */; };
		050D8C511DF9045200F9D1BA /* ShoppingListModel.m in Sources */ = {isa = PBXBuildFile; fileRef = 050D8C501DF9045200F9D1BA /* ShoppingListModel.m */; };
		0511FAC01DFE39080062593A /* UIImage+Clip.m in Sources */ = {isa = PBXBuildFile; fileRef = 0511FABF1DFE39080062593A /* UIImage+Clip.m */; };
		0511FAC31DFE6B620062593A /* MineTableViewCell.m in Sources */ = {isa = PBXBuildFile; fileRef = 0511FAC21DFE6B620062593A /* MineTableViewCell.m */; };
		0511FAC61DFE8AA90062593A /* UIButton_Reset.m in Sources */ = {isa = PBXBuildFile; fileRef = 0511FAC51DFE8AA90062593A /* UIButton_Reset.m */; };
		0511FAC91DFEAE7E0062593A /* HYLLoginViewController.m in Sources */ = {isa = PBXBuildFile; fileRef = 0511FAC81DFEAE7E0062593A /* HYLLoginViewController.m */; };
		0511FACC1DFEAF370062593A /* MineModel.m in Sources */ = {isa = PBXBuildFile; fileRef = 0511FACB1DFEAF370062593A /* MineModel.m */; };
		0511FACF1DFFEC2C0062593A /* UIButton_Num.m in Sources */ = {isa = PBXBuildFile; fileRef = 0511FACE1DFFEC2C0062593A /* UIButton_Num.m */; };
		0531C9E21E0934A700F098B5 /* UIButton_Line.m in Sources */ = {isa = PBXBuildFile; fileRef = 0531C9E11E0934A700F098B5 /* UIButton_Line.m */; };
		05A0DA961DFA9FA600B091AF /* HYLMineViewController.m in Sources */ = {isa = PBXBuildFile; fileRef = 05A0DA951DFA9FA600B091AF /* HYLMineViewController.m */; };
		05D198C01E10B56E006611A7 /* HYLCircleScrollView.m in Sources */ = {isa = PBXBuildFile; fileRef = 05D198BF1E10B56E006611A7 /* HYLCircleScrollView.m */; };
		05D198C31E110CF7006611A7 /* HYLCollectionViewCell.m in Sources */ = {isa = PBXBuildFile; fileRef = 05D198C21E110CF7006611A7 /* HYLCollectionViewCell.m */; };
		05D198CD1E110EAC006611A7 /* TAAbstractDotView.m in Sources */ = {isa = PBXBuildFile; fileRef = 05D198C61E110EAC006611A7 /* TAAbstractDotView.m */; };
		05D198CE1E110EAC006611A7 /* TAAnimatedDotView.m in Sources */ = {isa = PBXBuildFile; fileRef = 05D198C81E110EAC006611A7 /* TAAnimatedDotView.m */; };
		05D198CF1E110EAC006611A7 /* TADotView.m in Sources */ = {isa = PBXBuildFile; fileRef = 05D198CA1E110EAC006611A7 /* TADotView.m */; };
		05D198D01E110EAC006611A7 /* TAPageControl.m in Sources */ = {isa = PBXBuildFile; fileRef = 05D198CC1E110EAC006611A7 /* TAPageControl.m */; };
		05D198D41E111489006611A7 /* UIView+HYLExtension.m in Sources */ = {isa = PBXBuildFile; fileRef = 05D198D31E111489006611A7 /* UIView+HYLExtension.m */; };
		05D45F531DEBCD4A00979E23 /* HYLTabBar.m in Sources */ = {isa = PBXBuildFile; fileRef = 05D45F501DEBCD4A00979E23 /* HYLTabBar.m */; };
		05D45F541DEBCD4A00979E23 /* HYLTabBarController.m in Sources */ = {isa = PBXBuildFile; fileRef = 05D45F521DEBCD4A00979E23 /* HYLTabBarController.m */; };
		05D45F5C1DEBCE1200979E23 /* UIBarButtonItem+Extend.m in Sources */ = {isa = PBXBuildFile; fileRef = 05D45F571DEBCE1200979E23 /* UIBarButtonItem+Extend.m */; };
		05D45F5D1DEBCE1200979E23 /* UIColor+Hex.m in Sources */ = {isa = PBXBuildFile; fileRef = 05D45F591DEBCE1200979E23 /* UIColor+Hex.m */; };
		05D45F5E1DEBCE1200979E23 /* UIView+Extend.m in Sources */ = {isa = PBXBuildFile; fileRef = 05D45F5B1DEBCE1200979E23 /* UIView+Extend.m */; };
		05D45F621DEBCE6C00979E23 /* HNavigationController.m in Sources */ = {isa = PBXBuildFile; fileRef = 05D45F611DEBCE6C00979E23 /* HNavigationController.m */; };
		05D45F6A1DEBDB9900979E23 /* HYL_TabBar.m in Sources */ = {isa = PBXBuildFile; fileRef = 05D45F651DEBDB9900979E23 /* HYL_TabBar.m */; };
		05D45F6B1DEBDB9900979E23 /* HYL_TabBarButton.m in Sources */ = {isa = PBXBuildFile; fileRef = 05D45F671DEBDB9900979E23 /* HYL_TabBarButton.m */; };
		05D45F6C1DEBDB9900979E23 /* HYL_TabBarViewController.m in Sources */ = {isa = PBXBuildFile; fileRef = 05D45F691DEBDB9900979E23 /* HYL_TabBarViewController.m */; };
		05D45F741DEC03BB00979E23 /* HYLBaseViewController.m in Sources */ = {isa = PBXBuildFile; fileRef = 05D45F731DEC03BB00979E23 /* HYLBaseViewController.m */; };
		05D45F771DEC03EC00979E23 /* HYLHomeViewController.m in Sources */ = {isa = PBXBuildFile; fileRef = 05D45F761DEC03EC00979E23 /* HYLHomeViewController.m */; };
		05D45F7B1DEC080300979E23 /* HYLNavigationBar.m in Sources */ = {isa = PBXBuildFile; fileRef = 05D45F7A1DEC080300979E23 /* HYLNavigationBar.m */; };
		05D45F871DEC364C00979E23 /* CollectionViewCell.m in Sources */ = {isa = PBXBuildFile; fileRef = 05D45F7E1DEC364C00979E23 /* CollectionViewCell.m */; };
		05D45F881DEC364C00979E23 /* 1.jpg in Resources */ = {isa = PBXBuildFile; fileRef = 05D45F801DEC364C00979E23 /* 1.jpg */; };
		05D45F891DEC364C00979E23 /* 2.jpg in Resources */ = {isa = PBXBuildFile; fileRef = 05D45F811DEC364C00979E23 /* 2.jpg */; };
		05D45F8A1DEC364C00979E23 /* 3.jpg in Resources */ = {isa = PBXBuildFile; fileRef = 05D45F821DEC364C00979E23 /* 3.jpg */; };
		05D45F8B1DEC364C00979E23 /* 4.jpg in Resources */ = {isa = PBXBuildFile; fileRef = 05D45F831DEC364C00979E23 /* 4.jpg */; };
		05D45F8C1DEC364C00979E23 /* 5.jpg in Resources */ = {isa = PBXBuildFile; fileRef = 05D45F841DEC364C00979E23 /* 5.jpg */; };
		05D45F8D1DEC364C00979E23 /* ScaleFlowLayout.m in Sources */ = {isa = PBXBuildFile; fileRef = 05D45F861DEC364C00979E23 /* ScaleFlowLayout.m */; };
		05D45F941DEE761D00979E23 /* HYLCollectionView.m in Sources */ = {isa = PBXBuildFile; fileRef = 05D45F931DEE761D00979E23 /* HYLCollectionView.m */; };
		05D45F981DEE7D8200979E23 /* HYLHomeList.m in Sources */ = {isa = PBXBuildFile; fileRef = 05D45F971DEE7D8200979E23 /* HYLHomeList.m */; };
		05D45F9C1DEE9D6F00979E23 /* bannerScroll.m in Sources */ = {isa = PBXBuildFile; fileRef = 05D45F9B1DEE9D6F00979E23 /* bannerScroll.m */; };
		05D45F9F1DEEA1A700979E23 /* HYLHomeListCell.m in Sources */ = {isa = PBXBuildFile; fileRef = 05D45F9E1DEEA1A700979E23 /* HYLHomeListCell.m */; };
		05D45FA41DEEB33800979E23 /* HYLTypeViewController.m in Sources */ = {isa = PBXBuildFile; fileRef = 05D45FA31DEEB33800979E23 /* HYLTypeViewController.m */; };
		05D45FB41DF003AF00979E23 /* HYLChildViewController.m in Sources */ = {isa = PBXBuildFile; fileRef = 05D45FB31DF003AF00979E23 /* HYLChildViewController.m */; };
		05D45FB71DF0073F00979E23 /* HYLSliderViewController.m in Sources */ = {isa = PBXBuildFile; fileRef = 05D45FB61DF0073F00979E23 /* HYLSliderViewController.m */; };
		05EF3B881DCAE10700A5EC57 /* main.m in Sources */ = {isa = PBXBuildFile; fileRef = 05EF3B871DCAE10700A5EC57 /* main.m */; };
		05EF3B8B1DCAE10700A5EC57 /* AppDelegate.m in Sources */ = {isa = PBXBuildFile; fileRef = 05EF3B8A1DCAE10700A5EC57 /* AppDelegate.m */; };
		05EF3B8E1DCAE10700A5EC57 /* ViewController.m in Sources */ = {isa = PBXBuildFile; fileRef = 05EF3B8D1DCAE10700A5EC57 /* ViewController.m */; };
		05EF3B911DCAE10700A5EC57 /* Main.storyboard in Resources */ = {isa = PBXBuildFile; fileRef = 05EF3B8F1DCAE10700A5EC57 /* Main.storyboard */; };
		05EF3B931DCAE10700A5EC57 /* Assets.xcassets in Resources */ = {isa = PBXBuildFile; fileRef = 05EF3B921DCAE10700A5EC57 /* Assets.xcassets */; };
		05EF3B961DCAE10700A5EC57 /* LaunchScreen.storyboard in Resources */ = {isa = PBXBuildFile; fileRef = 05EF3B941DCAE10700A5EC57 /* LaunchScreen.storyboard */; };
		05EF3BA11DCAE10800A5EC57 /* tianxiagouTests.m in Sources */ = {isa = PBXBuildFile; fileRef = 05EF3BA01DCAE10800A5EC57 /* tianxiagouTests.m */; };
		05EF3BAC1DCAE10800A5EC57 /* tianxiagouUITests.m in Sources */ = {isa = PBXBuildFile; fileRef = 05EF3BAB1DCAE10800A5EC57 /* tianxiagouUITests.m */; };
		3755B490150AF2B1BDDCBB8B /* libPods-tianxiagou.a in Frameworks */ = {isa = PBXBuildFile; fileRef = 887EEE57C9C8D70F6DF73F4E /* libPods-tianxiagou.a */; };
/* End PBXBuildFile section */

/* Begin PBXContainerItemProxy section */
		05EF3B9D1DCAE10800A5EC57 /* PBXContainerItemProxy */ = {
			isa = PBXContainerItemProxy;
			containerPortal = 05EF3B7B1DCAE10700A5EC57 /* Project object */;
			proxyType = 1;
			remoteGlobalIDString = 05EF3B821DCAE10700A5EC57;
			remoteInfo = tianxiagou;
		};
		05EF3BA81DCAE10800A5EC57 /* PBXContainerItemProxy */ = {
			isa = PBXContainerItemProxy;
			containerPortal = 05EF3B7B1DCAE10700A5EC57 /* Project object */;
			proxyType = 1;
			remoteGlobalIDString = 05EF3B821DCAE10700A5EC57;
			remoteInfo = tianxiagou;
		};
/* End PBXContainerItemProxy section */

/* Begin PBXFileReference section */
		050D8C1D1DF6964A00F9D1BA /* HYLTypeShowViewController.h */ = {isa = PBXFileReference; fileEncoding = 4; lastKnownFileType = sourcecode.c.h; path = HYLTypeShowViewController.h; sourceTree = "<group>"; };
		050D8C1E1DF6964A00F9D1BA /* HYLTypeShowViewController.m */ = {isa = PBXFileReference; fileEncoding = 4; lastKnownFileType = sourcecode.c.objc; path = HYLTypeShowViewController.m; sourceTree = "<group>"; };
		050D8C261DF6AD6600F9D1BA /* HYLTypeCollectionViewCell.h */ = {isa = PBXFileReference; fileEncoding = 4; lastKnownFileType = sourcecode.c.h; path = HYLTypeCollectionViewCell.h; sourceTree = "<group>"; };
		050D8C271DF6AD6600F9D1BA /* HYLTypeCollectionViewCell.m */ = {isa = PBXFileReference; fileEncoding = 4; lastKnownFileType = sourcecode.c.objc; path = HYLTypeCollectionViewCell.m; sourceTree = "<group>"; };
		050D8C281DF6AD6600F9D1BA /* typeModel.h */ = {isa = PBXFileReference; fileEncoding = 4; lastKnownFileType = sourcecode.c.h; path = typeModel.h; sourceTree = "<group>"; };
		050D8C291DF6AD6600F9D1BA /* typeModel.m */ = {isa = PBXFileReference; fileEncoding = 4; lastKnownFileType = sourcecode.c.objc; path = typeModel.m; sourceTree = "<group>"; };
		050D8C2D1DF6BB5900F9D1BA /* img1.jpg */ = {isa = PBXFileReference; lastKnownFileType = image.jpeg; path = img1.jpg; sourceTree = "<group>"; };
		050D8C2E1DF6BB5900F9D1BA /* img10.jpg */ = {isa = PBXFileReference; lastKnownFileType = image.jpeg; path = img10.jpg; sourceTree = "<group>"; };
		050D8C2F1DF6BB5900F9D1BA /* img11.jpg */ = {isa = PBXFileReference; lastKnownFileType = image.jpeg; path = img11.jpg; sourceTree = "<group>"; };
		050D8C301DF6BB5900F9D1BA /* img12.jpg */ = {isa = PBXFileReference; lastKnownFileType = image.jpeg; path = img12.jpg; sourceTree = "<group>"; };
		050D8C311DF6BB5900F9D1BA /* img2.jpg */ = {isa = PBXFileReference; lastKnownFileType = image.jpeg; path = img2.jpg; sourceTree = "<group>"; };
		050D8C321DF6BB5900F9D1BA /* img3.jpg */ = {isa = PBXFileReference; lastKnownFileType = image.jpeg; path = img3.jpg; sourceTree = "<group>"; };
		050D8C331DF6BB5900F9D1BA /* img4.jpg */ = {isa = PBXFileReference; lastKnownFileType = image.jpeg; path = img4.jpg; sourceTree = "<group>"; };
		050D8C341DF6BB5900F9D1BA /* img5.jpg */ = {isa = PBXFileReference; lastKnownFileType = image.jpeg; path = img5.jpg; sourceTree = "<group>"; };
		050D8C351DF6BB5900F9D1BA /* img6.jpg */ = {isa = PBXFileReference; lastKnownFileType = image.jpeg; path = img6.jpg; sourceTree = "<group>"; };
		050D8C361DF6BB5900F9D1BA /* img7.jpg */ = {isa = PBXFileReference; lastKnownFileType = image.jpeg; path = img7.jpg; sourceTree = "<group>"; };
		050D8C371DF6BB5900F9D1BA /* img8.jpg */ = {isa = PBXFileReference; lastKnownFileType = image.jpeg; path = img8.jpg; sourceTree = "<group>"; };
		050D8C381DF6BB5900F9D1BA /* img9.jpg */ = {isa = PBXFileReference; lastKnownFileType = image.jpeg; path = img9.jpg; sourceTree = "<group>"; };
		050D8C491DF8128700F9D1BA /* HYLShoppingListVC.h */ = {isa = PBXFileReference; fileEncoding = 4; lastKnownFileType = sourcecode.c.h; path = HYLShoppingListVC.h; sourceTree = "<group>"; };
		050D8C4A1DF8128700F9D1BA /* HYLShoppingListVC.m */ = {isa = PBXFileReference; fileEncoding = 4; lastKnownFileType = sourcecode.c.objc; path = HYLShoppingListVC.m; sourceTree = "<group>"; };
		050D8C4C1DF8F63F00F9D1BA /* HYLShoppingListCell.h */ = {isa = PBXFileReference; fileEncoding = 4; lastKnownFileType = sourcecode.c.h; path = HYLShoppingListCell.h; sourceTree = "<group>"; };
		050D8C4D1DF8F63F00F9D1BA /* HYLShoppingListCell.m */ = {isa = PBXFileReference; fileEncoding = 4; lastKnownFileType = sourcecode.c.objc; path = HYLShoppingListCell.m; sourceTree = "<group>"; };
		050D8C4F1DF9045200F9D1BA /* ShoppingListModel.h */ = {isa = PBXFileReference; fileEncoding = 4; lastKnownFileType = sourcecode.c.h; path = ShoppingListModel.h; sourceTree = "<group>"; };
		050D8C501DF9045200F9D1BA /* ShoppingListModel.m */ = {isa = PBXFileReference; fileEncoding = 4; lastKnownFileType = sourcecode.c.objc; path = ShoppingListModel.m; sourceTree = "<group>"; };
		0511FABE1DFE39080062593A /* UIImage+Clip.h */ = {isa = PBXFileReference; fileEncoding = 4; lastKnownFileType = sourcecode.c.h; path = "UIImage+Clip.h"; sourceTree = "<group>"; };
		0511FABF1DFE39080062593A /* UIImage+Clip.m */ = {isa = PBXFileReference; fileEncoding = 4; lastKnownFileType = sourcecode.c.objc; path = "UIImage+Clip.m"; sourceTree = "<group>"; };
		0511FAC11DFE6B620062593A /* MineTableViewCell.h */ = {isa = PBXFileReference; fileEncoding = 4; lastKnownFileType = sourcecode.c.h; path = MineTableViewCell.h; sourceTree = "<group>"; };
		0511FAC21DFE6B620062593A /* MineTableViewCell.m */ = {isa = PBXFileReference; fileEncoding = 4; lastKnownFileType = sourcecode.c.objc; path = MineTableViewCell.m; sourceTree = "<group>"; };
		0511FAC41DFE8AA90062593A /* UIButton_Reset.h */ = {isa = PBXFileReference; fileEncoding = 4; lastKnownFileType = sourcecode.c.h; path = UIButton_Reset.h; sourceTree = "<group>"; };
		0511FAC51DFE8AA90062593A /* UIButton_Reset.m */ = {isa = PBXFileReference; fileEncoding = 4; lastKnownFileType = sourcecode.c.objc; path = UIButton_Reset.m; sourceTree = "<group>"; };
		0511FAC71DFEAE7E0062593A /* HYLLoginViewController.h */ = {isa = PBXFileReference; fileEncoding = 4; lastKnownFileType = sourcecode.c.h; path = HYLLoginViewController.h; sourceTree = "<group>"; };
		0511FAC81DFEAE7E0062593A /* HYLLoginViewController.m */ = {isa = PBXFileReference; fileEncoding = 4; lastKnownFileType = sourcecode.c.objc; path = HYLLoginViewController.m; sourceTree = "<group>"; };
		0511FACA1DFEAF370062593A /* MineModel.h */ = {isa = PBXFileReference; fileEncoding = 4; lastKnownFileType = sourcecode.c.h; path = MineModel.h; sourceTree = "<group>"; };
		0511FACB1DFEAF370062593A /* MineModel.m */ = {isa = PBXFileReference; fileEncoding = 4; lastKnownFileType = sourcecode.c.objc; path = MineModel.m; sourceTree = "<group>"; };
		0511FACD1DFFEC2C0062593A /* UIButton_Num.h */ = {isa = PBXFileReference; fileEncoding = 4; lastKnownFileType = sourcecode.c.h; path = UIButton_Num.h; sourceTree = "<group>"; };
		0511FACE1DFFEC2C0062593A /* UIButton_Num.m */ = {isa = PBXFileReference; fileEncoding = 4; lastKnownFileType = sourcecode.c.objc; path = UIButton_Num.m; sourceTree = "<group>"; };
		0531C9E01E0934A700F098B5 /* UIButton_Line.h */ = {isa = PBXFileReference; fileEncoding = 4; lastKnownFileType = sourcecode.c.h; path = UIButton_Line.h; sourceTree = "<group>"; };
		0531C9E11E0934A700F098B5 /* UIButton_Line.m */ = {isa = PBXFileReference; fileEncoding = 4; lastKnownFileType = sourcecode.c.objc; path = UIButton_Line.m; sourceTree = "<group>"; };
		05A0DA941DFA9FA600B091AF /* HYLMineViewController.h */ = {isa = PBXFileReference; fileEncoding = 4; lastKnownFileType = sourcecode.c.h; path = HYLMineViewController.h; sourceTree = "<group>"; };
		05A0DA951DFA9FA600B091AF /* HYLMineViewController.m */ = {isa = PBXFileReference; fileEncoding = 4; lastKnownFileType = sourcecode.c.objc; path = HYLMineViewController.m; sourceTree = "<group>"; };
		05D198BE1E10B56E006611A7 /* HYLCircleScrollView.h */ = {isa = PBXFileReference; fileEncoding = 4; lastKnownFileType = sourcecode.c.h; path = HYLCircleScrollView.h; sourceTree = "<group>"; };
		05D198BF1E10B56E006611A7 /* HYLCircleScrollView.m */ = {isa = PBXFileReference; fileEncoding = 4; lastKnownFileType = sourcecode.c.objc; path = HYLCircleScrollView.m; sourceTree = "<group>"; };
		05D198C11E110CF7006611A7 /* HYLCollectionViewCell.h */ = {isa = PBXFileReference; fileEncoding = 4; lastKnownFileType = sourcecode.c.h; path = HYLCollectionViewCell.h; sourceTree = "<group>"; };
		05D198C21E110CF7006611A7 /* HYLCollectionViewCell.m */ = {isa = PBXFileReference; fileEncoding = 4; lastKnownFileType = sourcecode.c.objc; path = HYLCollectionViewCell.m; sourceTree = "<group>"; };
		05D198C51E110EAC006611A7 /* TAAbstractDotView.h */ = {isa = PBXFileReference; fileEncoding = 4; lastKnownFileType = sourcecode.c.h; path = TAAbstractDotView.h; sourceTree = "<group>"; };
		05D198C61E110EAC006611A7 /* TAAbstractDotView.m */ = {isa = PBXFileReference; fileEncoding = 4; lastKnownFileType = sourcecode.c.objc; path = TAAbstractDotView.m; sourceTree = "<group>"; };
		05D198C71E110EAC006611A7 /* TAAnimatedDotView.h */ = {isa = PBXFileReference; fileEncoding = 4; lastKnownFileType = sourcecode.c.h; path = TAAnimatedDotView.h; sourceTree = "<group>"; };
		05D198C81E110EAC006611A7 /* TAAnimatedDotView.m */ = {isa = PBXFileReference; fileEncoding = 4; lastKnownFileType = sourcecode.c.objc; path = TAAnimatedDotView.m; sourceTree = "<group>"; };
		05D198C91E110EAC006611A7 /* TADotView.h */ = {isa = PBXFileReference; fileEncoding = 4; lastKnownFileType = sourcecode.c.h; path = TADotView.h; sourceTree = "<group>"; };
		05D198CA1E110EAC006611A7 /* TADotView.m */ = {isa = PBXFileReference; fileEncoding = 4; lastKnownFileType = sourcecode.c.objc; path = TADotView.m; sourceTree = "<group>"; };
		05D198CB1E110EAC006611A7 /* TAPageControl.h */ = {isa = PBXFileReference; fileEncoding = 4; lastKnownFileType = sourcecode.c.h; path = TAPageControl.h; sourceTree = "<group>"; };
		05D198CC1E110EAC006611A7 /* TAPageControl.m */ = {isa = PBXFileReference; fileEncoding = 4; lastKnownFileType = sourcecode.c.objc; path = TAPageControl.m; sourceTree = "<group>"; };
		05D198D21E111489006611A7 /* UIView+HYLExtension.h */ = {isa = PBXFileReference; fileEncoding = 4; lastKnownFileType = sourcecode.c.h; path = "UIView+HYLExtension.h"; sourceTree = "<group>"; };
		05D198D31E111489006611A7 /* UIView+HYLExtension.m */ = {isa = PBXFileReference; fileEncoding = 4; lastKnownFileType = sourcecode.c.objc; path = "UIView+HYLExtension.m"; sourceTree = "<group>"; };
		05D45F4F1DEBCD4A00979E23 /* HYLTabBar.h */ = {isa = PBXFileReference; fileEncoding = 4; lastKnownFileType = sourcecode.c.h; path = HYLTabBar.h; sourceTree = "<group>"; };
		05D45F501DEBCD4A00979E23 /* HYLTabBar.m */ = {isa = PBXFileReference; fileEncoding = 4; lastKnownFileType = sourcecode.c.objc; path = HYLTabBar.m; sourceTree = "<group>"; };
		05D45F511DEBCD4A00979E23 /* HYLTabBarController.h */ = {isa = PBXFileReference; fileEncoding = 4; lastKnownFileType = sourcecode.c.h; path = HYLTabBarController.h; sourceTree = "<group>"; };
		05D45F521DEBCD4A00979E23 /* HYLTabBarController.m */ = {isa = PBXFileReference; fileEncoding = 4; lastKnownFileType = sourcecode.c.objc; path = HYLTabBarController.m; sourceTree = "<group>"; };
		05D45F561DEBCE1200979E23 /* UIBarButtonItem+Extend.h */ = {isa = PBXFileReference; fileEncoding = 4; lastKnownFileType = sourcecode.c.h; path = "UIBarButtonItem+Extend.h"; sourceTree = "<group>"; };
		05D45F571DEBCE1200979E23 /* UIBarButtonItem+Extend.m */ = {isa = PBXFileReference; fileEncoding = 4; lastKnownFileType = sourcecode.c.objc; path = "UIBarButtonItem+Extend.m"; sourceTree = "<group>"; };
		05D45F581DEBCE1200979E23 /* UIColor+Hex.h */ = {isa = PBXFileReference; fileEncoding = 4; lastKnownFileType = sourcecode.c.h; path = "UIColor+Hex.h"; sourceTree = "<group>"; };
		05D45F591DEBCE1200979E23 /* UIColor+Hex.m */ = {isa = PBXFileReference; fileEncoding = 4; lastKnownFileType = sourcecode.c.objc; path = "UIColor+Hex.m"; sourceTree = "<group>"; };
		05D45F5A1DEBCE1200979E23 /* UIView+Extend.h */ = {isa = PBXFileReference; fileEncoding = 4; lastKnownFileType = sourcecode.c.h; path = "UIView+Extend.h"; sourceTree = "<group>"; };
		05D45F5B1DEBCE1200979E23 /* UIView+Extend.m */ = {isa = PBXFileReference; fileEncoding = 4; lastKnownFileType = sourcecode.c.objc; path = "UIView+Extend.m"; sourceTree = "<group>"; };
		05D45F601DEBCE6C00979E23 /* HNavigationController.h */ = {isa = PBXFileReference; fileEncoding = 4; lastKnownFileType = sourcecode.c.h; path = HNavigationController.h; sourceTree = "<group>"; };
		05D45F611DEBCE6C00979E23 /* HNavigationController.m */ = {isa = PBXFileReference; fileEncoding = 4; lastKnownFileType = sourcecode.c.objc; path = HNavigationController.m; sourceTree = "<group>"; };
		05D45F641DEBDB9900979E23 /* HYL_TabBar.h */ = {isa = PBXFileReference; fileEncoding = 4; lastKnownFileType = sourcecode.c.h; path = HYL_TabBar.h; sourceTree = "<group>"; };
		05D45F651DEBDB9900979E23 /* HYL_TabBar.m */ = {isa = PBXFileReference; fileEncoding = 4; lastKnownFileType = sourcecode.c.objc; path = HYL_TabBar.m; sourceTree = "<group>"; };
		05D45F661DEBDB9900979E23 /* HYL_TabBarButton.h */ = {isa = PBXFileReference; fileEncoding = 4; lastKnownFileType = sourcecode.c.h; path = HYL_TabBarButton.h; sourceTree = "<group>"; };
		05D45F671DEBDB9900979E23 /* HYL_TabBarButton.m */ = {isa = PBXFileReference; fileEncoding = 4; lastKnownFileType = sourcecode.c.objc; path = HYL_TabBarButton.m; sourceTree = "<group>"; };
		05D45F681DEBDB9900979E23 /* HYL_TabBarViewController.h */ = {isa = PBXFileReference; fileEncoding = 4; lastKnownFileType = sourcecode.c.h; path = HYL_TabBarViewController.h; sourceTree = "<group>"; };
		05D45F691DEBDB9900979E23 /* HYL_TabBarViewController.m */ = {isa = PBXFileReference; fileEncoding = 4; lastKnownFileType = sourcecode.c.objc; path = HYL_TabBarViewController.m; sourceTree = "<group>"; };
		05D45F721DEC03BB00979E23 /* HYLBaseViewController.h */ = {isa = PBXFileReference; fileEncoding = 4; lastKnownFileType = sourcecode.c.h; path = HYLBaseViewController.h; sourceTree = "<group>"; };
		05D45F731DEC03BB00979E23 /* HYLBaseViewController.m */ = {isa = PBXFileReference; fileEncoding = 4; lastKnownFileType = sourcecode.c.objc; path = HYLBaseViewController.m; sourceTree = "<group>"; };
		05D45F751DEC03EC00979E23 /* HYLHomeViewController.h */ = {isa = PBXFileReference; fileEncoding = 4; lastKnownFileType = sourcecode.c.h; path = HYLHomeViewController.h; sourceTree = "<group>"; };
		05D45F761DEC03EC00979E23 /* HYLHomeViewController.m */ = {isa = PBXFileReference; fileEncoding = 4; lastKnownFileType = sourcecode.c.objc; path = HYLHomeViewController.m; sourceTree = "<group>"; };
		05D45F791DEC080300979E23 /* HYLNavigationBar.h */ = {isa = PBXFileReference; fileEncoding = 4; lastKnownFileType = sourcecode.c.h; path = HYLNavigationBar.h; sourceTree = "<group>"; };
		05D45F7A1DEC080300979E23 /* HYLNavigationBar.m */ = {isa = PBXFileReference; fileEncoding = 4; lastKnownFileType = sourcecode.c.objc; path = HYLNavigationBar.m; sourceTree = "<group>"; };
		05D45F7D1DEC364C00979E23 /* CollectionViewCell.h */ = {isa = PBXFileReference; fileEncoding = 4; lastKnownFileType = sourcecode.c.h; path = CollectionViewCell.h; sourceTree = "<group>"; };
		05D45F7E1DEC364C00979E23 /* CollectionViewCell.m */ = {isa = PBXFileReference; fileEncoding = 4; lastKnownFileType = sourcecode.c.objc; path = CollectionViewCell.m; sourceTree = "<group>"; };
		05D45F801DEC364C00979E23 /* 1.jpg */ = {isa = PBXFileReference; lastKnownFileType = image.jpeg; path = 1.jpg; sourceTree = "<group>"; };
		05D45F811DEC364C00979E23 /* 2.jpg */ = {isa = PBXFileReference; lastKnownFileType = image.jpeg; path = 2.jpg; sourceTree = "<group>"; };
		05D45F821DEC364C00979E23 /* 3.jpg */ = {isa = PBXFileReference; lastKnownFileType = image.jpeg; path = 3.jpg; sourceTree = "<group>"; };
		05D45F831DEC364C00979E23 /* 4.jpg */ = {isa = PBXFileReference; lastKnownFileType = image.jpeg; path = 4.jpg; sourceTree = "<group>"; };
		05D45F841DEC364C00979E23 /* 5.jpg */ = {isa = PBXFileReference; lastKnownFileType = image.jpeg; path = 5.jpg; sourceTree = "<group>"; };
		05D45F851DEC364C00979E23 /* ScaleFlowLayout.h */ = {isa = PBXFileReference; fileEncoding = 4; lastKnownFileType = sourcecode.c.h; path = ScaleFlowLayout.h; sourceTree = "<group>"; };
		05D45F861DEC364C00979E23 /* ScaleFlowLayout.m */ = {isa = PBXFileReference; fileEncoding = 4; lastKnownFileType = sourcecode.c.objc; path = ScaleFlowLayout.m; sourceTree = "<group>"; };
		05D45F921DEE761D00979E23 /* HYLCollectionView.h */ = {isa = PBXFileReference; fileEncoding = 4; lastKnownFileType = sourcecode.c.h; path = HYLCollectionView.h; sourceTree = "<group>"; };
		05D45F931DEE761D00979E23 /* HYLCollectionView.m */ = {isa = PBXFileReference; fileEncoding = 4; lastKnownFileType = sourcecode.c.objc; path = HYLCollectionView.m; sourceTree = "<group>"; };
		05D45F961DEE7D8200979E23 /* HYLHomeList.h */ = {isa = PBXFileReference; fileEncoding = 4; lastKnownFileType = sourcecode.c.h; path = HYLHomeList.h; sourceTree = "<group>"; };
		05D45F971DEE7D8200979E23 /* HYLHomeList.m */ = {isa = PBXFileReference; fileEncoding = 4; lastKnownFileType = sourcecode.c.objc; path = HYLHomeList.m; sourceTree = "<group>"; };
		05D45F9A1DEE9D6F00979E23 /* bannerScroll.h */ = {isa = PBXFileReference; fileEncoding = 4; lastKnownFileType = sourcecode.c.h; path = bannerScroll.h; sourceTree = "<group>"; };
		05D45F9B1DEE9D6F00979E23 /* bannerScroll.m */ = {isa = PBXFileReference; fileEncoding = 4; lastKnownFileType = sourcecode.c.objc; path = bannerScroll.m; sourceTree = "<group>"; };
		05D45F9D1DEEA1A700979E23 /* HYLHomeListCell.h */ = {isa = PBXFileReference; fileEncoding = 4; lastKnownFileType = sourcecode.c.h; path = HYLHomeListCell.h; sourceTree = "<group>"; };
		05D45F9E1DEEA1A700979E23 /* HYLHomeListCell.m */ = {isa = PBXFileReference; fileEncoding = 4; lastKnownFileType = sourcecode.c.objc; path = HYLHomeListCell.m; sourceTree = "<group>"; };
		05D45FA21DEEB33800979E23 /* HYLTypeViewController.h */ = {isa = PBXFileReference; fileEncoding = 4; lastKnownFileType = sourcecode.c.h; path = HYLTypeViewController.h; sourceTree = "<group>"; };
		05D45FA31DEEB33800979E23 /* HYLTypeViewController.m */ = {isa = PBXFileReference; fileEncoding = 4; lastKnownFileType = sourcecode.c.objc; path = HYLTypeViewController.m; sourceTree = "<group>"; };
		05D45FB21DF003AF00979E23 /* HYLChildViewController.h */ = {isa = PBXFileReference; fileEncoding = 4; lastKnownFileType = sourcecode.c.h; path = HYLChildViewController.h; sourceTree = "<group>"; };
		05D45FB31DF003AF00979E23 /* HYLChildViewController.m */ = {isa = PBXFileReference; fileEncoding = 4; lastKnownFileType = sourcecode.c.objc; path = HYLChildViewController.m; sourceTree = "<group>"; };
		05D45FB51DF0073F00979E23 /* HYLSliderViewController.h */ = {isa = PBXFileReference; fileEncoding = 4; lastKnownFileType = sourcecode.c.h; path = HYLSliderViewController.h; sourceTree = "<group>"; };
		05D45FB61DF0073F00979E23 /* HYLSliderViewController.m */ = {isa = PBXFileReference; fileEncoding = 4; lastKnownFileType = sourcecode.c.objc; path = HYLSliderViewController.m; sourceTree = "<group>"; };
		05EF3B831DCAE10700A5EC57 /* tianxiagou.app */ = {isa = PBXFileReference; explicitFileType = wrapper.application; includeInIndex = 0; path = tianxiagou.app; sourceTree = BUILT_PRODUCTS_DIR; };
		05EF3B871DCAE10700A5EC57 /* main.m */ = {isa = PBXFileReference; lastKnownFileType = sourcecode.c.objc; path = main.m; sourceTree = "<group>"; };
		05EF3B891DCAE10700A5EC57 /* AppDelegate.h */ = {isa = PBXFileReference; lastKnownFileType = sourcecode.c.h; path = AppDelegate.h; sourceTree = "<group>"; };
		05EF3B8A1DCAE10700A5EC57 /* AppDelegate.m */ = {isa = PBXFileReference; lastKnownFileType = sourcecode.c.objc; path = AppDelegate.m; sourceTree = "<group>"; };
		05EF3B8C1DCAE10700A5EC57 /* ViewController.h */ = {isa = PBXFileReference; lastKnownFileType = sourcecode.c.h; path = ViewController.h; sourceTree = "<group>"; };
		05EF3B8D1DCAE10700A5EC57 /* ViewController.m */ = {isa = PBXFileReference; lastKnownFileType = sourcecode.c.objc; path = ViewController.m; sourceTree = "<group>"; };
		05EF3B901DCAE10700A5EC57 /* Base */ = {isa = PBXFileReference; lastKnownFileType = file.storyboard; name = Base; path = Base.lproj/Main.storyboard; sourceTree = "<group>"; };
		05EF3B921DCAE10700A5EC57 /* Assets.xcassets */ = {isa = PBXFileReference; lastKnownFileType = folder.assetcatalog; path = Assets.xcassets; sourceTree = "<group>"; };
		05EF3B951DCAE10700A5EC57 /* Base */ = {isa = PBXFileReference; lastKnownFileType = file.storyboard; name = Base; path = Base.lproj/LaunchScreen.storyboard; sourceTree = "<group>"; };
		05EF3B971DCAE10700A5EC57 /* Info.plist */ = {isa = PBXFileReference; lastKnownFileType = text.plist.xml; path = Info.plist; sourceTree = "<group>"; };
		05EF3B9C1DCAE10800A5EC57 /* tianxiagouTests.xctest */ = {isa = PBXFileReference; explicitFileType = wrapper.cfbundle; includeInIndex = 0; path = tianxiagouTests.xctest; sourceTree = BUILT_PRODUCTS_DIR; };
		05EF3BA01DCAE10800A5EC57 /* tianxiagouTests.m */ = {isa = PBXFileReference; lastKnownFileType = sourcecode.c.objc; path = tianxiagouTests.m; sourceTree = "<group>"; };
		05EF3BA21DCAE10800A5EC57 /* Info.plist */ = {isa = PBXFileReference; lastKnownFileType = text.plist.xml; path = Info.plist; sourceTree = "<group>"; };
		05EF3BA71DCAE10800A5EC57 /* tianxiagouUITests.xctest */ = {isa = PBXFileReference; explicitFileType = wrapper.cfbundle; includeInIndex = 0; path = tianxiagouUITests.xctest; sourceTree = BUILT_PRODUCTS_DIR; };
		05EF3BAB1DCAE10800A5EC57 /* tianxiagouUITests.m */ = {isa = PBXFileReference; lastKnownFileType = sourcecode.c.objc; path = tianxiagouUITests.m; sourceTree = "<group>"; };
		05EF3BAD1DCAE10800A5EC57 /* Info.plist */ = {isa = PBXFileReference; lastKnownFileType = text.plist.xml; path = Info.plist; sourceTree = "<group>"; };
		191EDB74A9A6673E73C2AD55 /* Pods-tianxiagou.release.xcconfig */ = {isa = PBXFileReference; includeInIndex = 1; lastKnownFileType = text.xcconfig; name = "Pods-tianxiagou.release.xcconfig"; path = "Pods/Target Support Files/Pods-tianxiagou/Pods-tianxiagou.release.xcconfig"; sourceTree = "<group>"; };
		5538FC19DBE5AA934ED9B1F6 /* Pods-tianxiagou.debug.xcconfig */ = {isa = PBXFileReference; includeInIndex = 1; lastKnownFileType = text.xcconfig; name = "Pods-tianxiagou.debug.xcconfig"; path = "Pods/Target Support Files/Pods-tianxiagou/Pods-tianxiagou.debug.xcconfig"; sourceTree = "<group>"; };
		887EEE57C9C8D70F6DF73F4E /* libPods-tianxiagou.a */ = {isa = PBXFileReference; explicitFileType = archive.ar; includeInIndex = 0; path = "libPods-tianxiagou.a"; sourceTree = BUILT_PRODUCTS_DIR; };
/* End PBXFileReference section */

/* Begin PBXFrameworksBuildPhase section */
		05EF3B801DCAE10700A5EC57 /* Frameworks */ = {
			isa = PBXFrameworksBuildPhase;
			buildActionMask = 2147483647;
			files = (
				3755B490150AF2B1BDDCBB8B /* libPods-tianxiagou.a in Frameworks */,
			);
			runOnlyForDeploymentPostprocessing = 0;
		};
		05EF3B991DCAE10800A5EC57 /* Frameworks */ = {
			isa = PBXFrameworksBuildPhase;
			buildActionMask = 2147483647;
			files = (
			);
			runOnlyForDeploymentPostprocessing = 0;
		};
		05EF3BA41DCAE10800A5EC57 /* Frameworks */ = {
			isa = PBXFrameworksBuildPhase;
			buildActionMask = 2147483647;
			files = (
			);
			runOnlyForDeploymentPostprocessing = 0;
		};
/* End PBXFrameworksBuildPhase section */

/* Begin PBXGroup section */
		050D8C1C1DF6936400F9D1BA /* childCtronllers */ = {
			isa = PBXGroup;
			children = (
				050D8C2C1DF6BB5900F9D1BA /* images */,
				050D8C261DF6AD6600F9D1BA /* HYLTypeCollectionViewCell.h */,
				050D8C271DF6AD6600F9D1BA /* HYLTypeCollectionViewCell.m */,
				050D8C281DF6AD6600F9D1BA /* typeModel.h */,
				050D8C291DF6AD6600F9D1BA /* typeModel.m */,
				050D8C1D1DF6964A00F9D1BA /* HYLTypeShowViewController.h */,
				050D8C1E1DF6964A00F9D1BA /* HYLTypeShowViewController.m */,
			);
			path = childCtronllers;
			sourceTree = "<group>";
		};
		050D8C2C1DF6BB5900F9D1BA /* images */ = {
			isa = PBXGroup;
			children = (
				050D8C2D1DF6BB5900F9D1BA /* img1.jpg */,
				050D8C2E1DF6BB5900F9D1BA /* img10.jpg */,
				050D8C2F1DF6BB5900F9D1BA /* img11.jpg */,
				050D8C301DF6BB5900F9D1BA /* img12.jpg */,
				050D8C311DF6BB5900F9D1BA /* img2.jpg */,
				050D8C321DF6BB5900F9D1BA /* img3.jpg */,
				050D8C331DF6BB5900F9D1BA /* img4.jpg */,
				050D8C341DF6BB5900F9D1BA /* img5.jpg */,
				050D8C351DF6BB5900F9D1BA /* img6.jpg */,
				050D8C361DF6BB5900F9D1BA /* img7.jpg */,
				050D8C371DF6BB5900F9D1BA /* img8.jpg */,
				050D8C381DF6BB5900F9D1BA /* img9.jpg */,
			);
			path = images;
			sourceTree = "<group>";
		};
		050D8C451DF8125000F9D1BA /* 购物车 */ = {
			isa = PBXGroup;
			children = (
				050D8C461DF8125000F9D1BA /* controller */,
				050D8C471DF8125000F9D1BA /* model */,
				050D8C481DF8125000F9D1BA /* view */,
			);
			path = "购物车";
			sourceTree = "<group>";
		};
		050D8C461DF8125000F9D1BA /* controller */ = {
			isa = PBXGroup;
			children = (
				050D8C491DF8128700F9D1BA /* HYLShoppingListVC.h */,
				050D8C4A1DF8128700F9D1BA /* HYLShoppingListVC.m */,
			);
			path = controller;
			sourceTree = "<group>";
		};
		050D8C471DF8125000F9D1BA /* model */ = {
			isa = PBXGroup;
			children = (
				050D8C4F1DF9045200F9D1BA /* ShoppingListModel.h */,
				050D8C501DF9045200F9D1BA /* ShoppingListModel.m */,
			);
			path = model;
			sourceTree = "<group>";
		};
		050D8C481DF8125000F9D1BA /* view */ = {
			isa = PBXGroup;
			children = (
				050D8C4C1DF8F63F00F9D1BA /* HYLShoppingListCell.h */,
				050D8C4D1DF8F63F00F9D1BA /* HYLShoppingListCell.m */,
			);
			path = view;
			sourceTree = "<group>";
		};
		050D8C521DF90AE500F9D1BA /* library */ = {
			isa = PBXGroup;
			children = (
			);
			path = library;
			sourceTree = "<group>";
		};
		05A0DA901DFA9F8900B091AF /* 个人中心 */ = {
			isa = PBXGroup;
			children = (
				05A0DA911DFA9F8900B091AF /* controller */,
				05A0DA921DFA9F8900B091AF /* model */,
				05A0DA931DFA9F8900B091AF /* view */,
			);
			path = "个人中心";
			sourceTree = "<group>";
		};
		05A0DA911DFA9F8900B091AF /* controller */ = {
			isa = PBXGroup;
			children = (
				05A0DA941DFA9FA600B091AF /* HYLMineViewController.h */,
				05A0DA951DFA9FA600B091AF /* HYLMineViewController.m */,
			);
			path = controller;
			sourceTree = "<group>";
		};
		05A0DA921DFA9F8900B091AF /* model */ = {
			isa = PBXGroup;
			children = (
				0511FACA1DFEAF370062593A /* MineModel.h */,
				0511FACB1DFEAF370062593A /* MineModel.m */,
			);
			path = model;
			sourceTree = "<group>";
		};
		05A0DA931DFA9F8900B091AF /* view */ = {
			isa = PBXGroup;
			children = (
				0511FAC11DFE6B620062593A /* MineTableViewCell.h */,
				0511FAC21DFE6B620062593A /* MineTableViewCell.m */,
			);
			path = view;
			sourceTree = "<group>";
		};
		05D198BD1E10B52F006611A7 /* scrollView */ = {
			isa = PBXGroup;
			children = (
				05D198C41E110EAC006611A7 /* PageControl */,
				05D198BE1E10B56E006611A7 /* HYLCircleScrollView.h */,
				05D198BF1E10B56E006611A7 /* HYLCircleScrollView.m */,
				05D198C11E110CF7006611A7 /* HYLCollectionViewCell.h */,
				05D198C21E110CF7006611A7 /* HYLCollectionViewCell.m */,
				05D198D21E111489006611A7 /* UIView+HYLExtension.h */,
				05D198D31E111489006611A7 /* UIView+HYLExtension.m */,
			);
			path = scrollView;
			sourceTree = "<group>";
		};
		05D198C41E110EAC006611A7 /* PageControl */ = {
			isa = PBXGroup;
			children = (
				05D198C51E110EAC006611A7 /* TAAbstractDotView.h */,
				05D198C61E110EAC006611A7 /* TAAbstractDotView.m */,
				05D198C71E110EAC006611A7 /* TAAnimatedDotView.h */,
				05D198C81E110EAC006611A7 /* TAAnimatedDotView.m */,
				05D198C91E110EAC006611A7 /* TADotView.h */,
				05D198CA1E110EAC006611A7 /* TADotView.m */,
				05D198CB1E110EAC006611A7 /* TAPageControl.h */,
				05D198CC1E110EAC006611A7 /* TAPageControl.m */,
			);
			path = PageControl;
			sourceTree = "<group>";
		};
		05D45F4D1DEBCD4A00979E23 /* TabBar */ = {
			isa = PBXGroup;
			children = (
				05D45F631DEBDB9900979E23 /* TabBarOne */,
				05D45F4E1DEBCD4A00979E23 /* TabBarTwo */,
			);
			path = TabBar;
			sourceTree = "<group>";
		};
		05D45F4E1DEBCD4A00979E23 /* TabBarTwo */ = {
			isa = PBXGroup;
			children = (
				05D45F4F1DEBCD4A00979E23 /* HYLTabBar.h */,
				05D45F501DEBCD4A00979E23 /* HYLTabBar.m */,
				05D45F511DEBCD4A00979E23 /* HYLTabBarController.h */,
				05D45F521DEBCD4A00979E23 /* HYLTabBarController.m */,
			);
			path = TabBarTwo;
			sourceTree = "<group>";
		};
		05D45F551DEBCE1200979E23 /* Category */ = {
			isa = PBXGroup;
			children = (
				05D45F561DEBCE1200979E23 /* UIBarButtonItem+Extend.h */,
				05D45F571DEBCE1200979E23 /* UIBarButtonItem+Extend.m */,
				05D45F581DEBCE1200979E23 /* UIColor+Hex.h */,
				05D45F591DEBCE1200979E23 /* UIColor+Hex.m */,
				05D45F5A1DEBCE1200979E23 /* UIView+Extend.h */,
				05D45F5B1DEBCE1200979E23 /* UIView+Extend.m */,
				0511FABE1DFE39080062593A /* UIImage+Clip.h */,
				0511FABF1DFE39080062593A /* UIImage+Clip.m */,
				0511FAC41DFE8AA90062593A /* UIButton_Reset.h */,
				0511FAC51DFE8AA90062593A /* UIButton_Reset.m */,
				0511FACD1DFFEC2C0062593A /* UIButton_Num.h */,
				0511FACE1DFFEC2C0062593A /* UIButton_Num.m */,
				0531C9E01E0934A700F098B5 /* UIButton_Line.h */,
				0531C9E11E0934A700F098B5 /* UIButton_Line.m */,
			);
			path = Category;
			sourceTree = "<group>";
		};
		05D45F5F1DEBCE6C00979E23 /* NavigationController */ = {
			isa = PBXGroup;
			children = (
				05D45F601DEBCE6C00979E23 /* HNavigationController.h */,
				05D45F611DEBCE6C00979E23 /* HNavigationController.m */,
			);
			path = NavigationController;
			sourceTree = "<group>";
		};
		05D45F631DEBDB9900979E23 /* TabBarOne */ = {
			isa = PBXGroup;
			children = (
				05D45F641DEBDB9900979E23 /* HYL_TabBar.h */,
				05D45F651DEBDB9900979E23 /* HYL_TabBar.m */,
				05D45F661DEBDB9900979E23 /* HYL_TabBarButton.h */,
				05D45F671DEBDB9900979E23 /* HYL_TabBarButton.m */,
				05D45F681DEBDB9900979E23 /* HYL_TabBarViewController.h */,
				05D45F691DEBDB9900979E23 /* HYL_TabBarViewController.m */,
			);
			path = TabBarOne;
			sourceTree = "<group>";
		};
		05D45F6D1DEC032B00979E23 /* 首页 */ = {
			isa = PBXGroup;
			children = (
				05D45F6E1DEC032B00979E23 /* controller */,
				05D45F6F1DEC032B00979E23 /* model */,
				05D45F701DEC032B00979E23 /* view */,
			);
			path = "首页";
			sourceTree = "<group>";
		};
		05D45F6E1DEC032B00979E23 /* controller */ = {
			isa = PBXGroup;
			children = (
				05D45F951DEE7D3B00979E23 /* 首页内容 */,
				05D45F7C1DEC364C00979E23 /* 轮播 */,
				05D45F751DEC03EC00979E23 /* HYLHomeViewController.h */,
				05D45F761DEC03EC00979E23 /* HYLHomeViewController.m */,
			);
			path = controller;
			sourceTree = "<group>";
		};
		05D45F6F1DEC032B00979E23 /* model */ = {
			isa = PBXGroup;
			children = (
			);
			path = model;
			sourceTree = "<group>";
		};
		05D45F701DEC032B00979E23 /* view */ = {
			isa = PBXGroup;
			children = (
			);
			path = view;
			sourceTree = "<group>";
		};
		05D45F711DEC036500979E23 /* BaseViewController */ = {
			isa = PBXGroup;
			children = (
				05D45F721DEC03BB00979E23 /* HYLBaseViewController.h */,
				05D45F731DEC03BB00979E23 /* HYLBaseViewController.m */,
			);
			path = BaseViewController;
			sourceTree = "<group>";
		};
		05D45F781DEC062600979E23 /* view */ = {
			isa = PBXGroup;
			children = (
				05D45F791DEC080300979E23 /* HYLNavigationBar.h */,
				05D45F7A1DEC080300979E23 /* HYLNavigationBar.m */,
			);
			path = view;
			sourceTree = "<group>";
		};
		05D45F7C1DEC364C00979E23 /* 轮播 */ = {
			isa = PBXGroup;
			children = (
				05D198BD1E10B52F006611A7 /* scrollView */,
				05D45F7D1DEC364C00979E23 /* CollectionViewCell.h */,
				05D45F7E1DEC364C00979E23 /* CollectionViewCell.m */,
				05D45F7F1DEC364C00979E23 /* images */,
				05D45F851DEC364C00979E23 /* ScaleFlowLayout.h */,
				05D45F861DEC364C00979E23 /* ScaleFlowLayout.m */,
				05D45F921DEE761D00979E23 /* HYLCollectionView.h */,
				05D45F931DEE761D00979E23 /* HYLCollectionView.m */,
			);
			path = "轮播";
			sourceTree = "<group>";
		};
		05D45F7F1DEC364C00979E23 /* images */ = {
			isa = PBXGroup;
			children = (
				05D45F801DEC364C00979E23 /* 1.jpg */,
				05D45F811DEC364C00979E23 /* 2.jpg */,
				05D45F821DEC364C00979E23 /* 3.jpg */,
				05D45F831DEC364C00979E23 /* 4.jpg */,
				05D45F841DEC364C00979E23 /* 5.jpg */,
			);
			path = images;
			sourceTree = "<group>";
		};
		05D45F951DEE7D3B00979E23 /* 首页内容 */ = {
			isa = PBXGroup;
			children = (
				05D45F991DEE9C9300979E23 /* 轮播 */,
				05D45F961DEE7D8200979E23 /* HYLHomeList.h */,
				05D45F971DEE7D8200979E23 /* HYLHomeList.m */,
				05D45F9D1DEEA1A700979E23 /* HYLHomeListCell.h */,
				05D45F9E1DEEA1A700979E23 /* HYLHomeListCell.m */,
			);
			path = "首页内容";
			sourceTree = "<group>";
		};
		05D45F991DEE9C9300979E23 /* 轮播 */ = {
			isa = PBXGroup;
			children = (
				05D45F9A1DEE9D6F00979E23 /* bannerScroll.h */,
				05D45F9B1DEE9D6F00979E23 /* bannerScroll.m */,
			);
			path = "轮播";
			sourceTree = "<group>";
		};
		05D45FA01DEEB31600979E23 /* 分类 */ = {
			isa = PBXGroup;
			children = (
				05D45FA11DEEB31600979E23 /* controller */,
			);
			path = "分类";
			sourceTree = "<group>";
		};
		05D45FA11DEEB31600979E23 /* controller */ = {
			isa = PBXGroup;
			children = (
				050D8C1C1DF6936400F9D1BA /* childCtronllers */,
				05D45FA21DEEB33800979E23 /* HYLTypeViewController.h */,
				05D45FA31DEEB33800979E23 /* HYLTypeViewController.m */,
				05D45FB21DF003AF00979E23 /* HYLChildViewController.h */,
				05D45FB31DF003AF00979E23 /* HYLChildViewController.m */,
				05D45FB51DF0073F00979E23 /* HYLSliderViewController.h */,
				05D45FB61DF0073F00979E23 /* HYLSliderViewController.m */,
			);
			path = controller;
			sourceTree = "<group>";
		};
		05EF3B7A1DCAE10700A5EC57 = {
			isa = PBXGroup;
			children = (
				05EF3B851DCAE10700A5EC57 /* tianxiagou */,
				05EF3B9F1DCAE10800A5EC57 /* tianxiagouTests */,
				05EF3BAA1DCAE10800A5EC57 /* tianxiagouUITests */,
				05EF3B841DCAE10700A5EC57 /* Products */,
				760A97F97A43BB189A0A2E61 /* Pods */,
				B60422F623D8C2FAE95C8BC5 /* Frameworks */,
			);
			sourceTree = "<group>";
		};
		05EF3B841DCAE10700A5EC57 /* Products */ = {
			isa = PBXGroup;
			children = (
				05EF3B831DCAE10700A5EC57 /* tianxiagou.app */,
				05EF3B9C1DCAE10800A5EC57 /* tianxiagouTests.xctest */,
				05EF3BA71DCAE10800A5EC57 /* tianxiagouUITests.xctest */,
			);
			name = Products;
			sourceTree = "<group>";
		};
		05EF3B851DCAE10700A5EC57 /* tianxiagou */ = {
			isa = PBXGroup;
			children = (
				05EF3BB91DCAE80600A5EC57 /* classes */,
				05EF3B891DCAE10700A5EC57 /* AppDelegate.h */,
				05EF3B8A1DCAE10700A5EC57 /* AppDelegate.m */,
				05EF3B8C1DCAE10700A5EC57 /* ViewController.h */,
				05EF3B8D1DCAE10700A5EC57 /* ViewController.m */,
				05EF3B8F1DCAE10700A5EC57 /* Main.storyboard */,
				05EF3B921DCAE10700A5EC57 /* Assets.xcassets */,
				05EF3B941DCAE10700A5EC57 /* LaunchScreen.storyboard */,
				05EF3B971DCAE10700A5EC57 /* Info.plist */,
				05EF3B861DCAE10700A5EC57 /* Supporting Files */,
			);
			path = tianxiagou;
			sourceTree = "<group>";
		};
		05EF3B861DCAE10700A5EC57 /* Supporting Files */ = {
			isa = PBXGroup;
			children = (
				05EF3B871DCAE10700A5EC57 /* main.m */,
			);
			name = "Supporting Files";
			sourceTree = "<group>";
		};
		05EF3B9F1DCAE10800A5EC57 /* tianxiagouTests */ = {
			isa = PBXGroup;
			children = (
				05EF3BA01DCAE10800A5EC57 /* tianxiagouTests.m */,
				05EF3BA21DCAE10800A5EC57 /* Info.plist */,
			);
			path = tianxiagouTests;
			sourceTree = "<group>";
		};
		05EF3BAA1DCAE10800A5EC57 /* tianxiagouUITests */ = {
			isa = PBXGroup;
			children = (
				05EF3BAB1DCAE10800A5EC57 /* tianxiagouUITests.m */,
				05EF3BAD1DCAE10800A5EC57 /* Info.plist */,
			);
			path = tianxiagouUITests;
			sourceTree = "<group>";
		};
		05EF3BB91DCAE80600A5EC57 /* classes */ = {
			isa = PBXGroup;
			children = (
				05A0DA901DFA9F8900B091AF /* 个人中心 */,
				050D8C521DF90AE500F9D1BA /* library */,
				050D8C451DF8125000F9D1BA /* 购物车 */,
				05D45FA01DEEB31600979E23 /* 分类 */,
				05D45F781DEC062600979E23 /* view */,
				05D45F711DEC036500979E23 /* BaseViewController */,
				05D45F6D1DEC032B00979E23 /* 首页 */,
				05D45F5F1DEBCE6C00979E23 /* NavigationController */,
				05D45F551DEBCE1200979E23 /* Category */,
				05D45F4D1DEBCD4A00979E23 /* TabBar */,
				05EF3BBA1DCAE80600A5EC57 /* 登录 */,
			);
			path = classes;
			sourceTree = "<group>";
		};
		05EF3BBA1DCAE80600A5EC57 /* 登录 */ = {
			isa = PBXGroup;
			children = (
				05EF3BBB1DCAE80600A5EC57 /* controller */,
				05EF3BBC1DCAE80600A5EC57 /* model */,
				05EF3BBD1DCAE80600A5EC57 /* view */,
			);
			path = "登录";
			sourceTree = "<group>";
		};
		05EF3BBB1DCAE80600A5EC57 /* controller */ = {
			isa = PBXGroup;
			children = (
				0511FAC71DFEAE7E0062593A /* HYLLoginViewController.h */,
				0511FAC81DFEAE7E0062593A /* HYLLoginViewController.m */,
			);
			path = controller;
			sourceTree = "<group>";
		};
		05EF3BBC1DCAE80600A5EC57 /* model */ = {
			isa = PBXGroup;
			children = (
			);
			path = model;
			sourceTree = "<group>";
		};
		05EF3BBD1DCAE80600A5EC57 /* view */ = {
			isa = PBXGroup;
			children = (
			);
			path = view;
			sourceTree = "<group>";
		};
		760A97F97A43BB189A0A2E61 /* Pods */ = {
			isa = PBXGroup;
			children = (
				5538FC19DBE5AA934ED9B1F6 /* Pods-tianxiagou.debug.xcconfig */,
				191EDB74A9A6673E73C2AD55 /* Pods-tianxiagou.release.xcconfig */,
			);
			name = Pods;
			sourceTree = "<group>";
		};
		B60422F623D8C2FAE95C8BC5 /* Frameworks */ = {
			isa = PBXGroup;
			children = (
				887EEE57C9C8D70F6DF73F4E /* libPods-tianxiagou.a */,
			);
			name = Frameworks;
			sourceTree = "<group>";
		};
/* End PBXGroup section */

/* Begin PBXNativeTarget section */
		05EF3B821DCAE10700A5EC57 /* tianxiagou */ = {
			isa = PBXNativeTarget;
			buildConfigurationList = 05EF3BB01DCAE10800A5EC57 /* Build configuration list for PBXNativeTarget "tianxiagou" */;
			buildPhases = (
				18568536696BC5BB2A081C26 /* [CP] Check Pods Manifest.lock */,
				05EF3B7F1DCAE10700A5EC57 /* Sources */,
				05EF3B801DCAE10700A5EC57 /* Frameworks */,
				05EF3B811DCAE10700A5EC57 /* Resources */,
				599865A8D4C3BA97D72CD2AC /* [CP] Embed Pods Frameworks */,
				1DBBF5D012522B01031A8EE3 /* [CP] Copy Pods Resources */,
			);
			buildRules = (
			);
			dependencies = (
			);
			name = tianxiagou;
			productName = tianxiagou;
			productReference = 05EF3B831DCAE10700A5EC57 /* tianxiagou.app */;
			productType = "com.apple.product-type.application";
		};
		05EF3B9B1DCAE10800A5EC57 /* tianxiagouTests */ = {
			isa = PBXNativeTarget;
			buildConfigurationList = 05EF3BB31DCAE10800A5EC57 /* Build configuration list for PBXNativeTarget "tianxiagouTests" */;
			buildPhases = (
				05EF3B981DCAE10800A5EC57 /* Sources */,
				05EF3B991DCAE10800A5EC57 /* Frameworks */,
				05EF3B9A1DCAE10800A5EC57 /* Resources */,
			);
			buildRules = (
			);
			dependencies = (
				05EF3B9E1DCAE10800A5EC57 /* PBXTargetDependency */,
			);
			name = tianxiagouTests;
			productName = tianxiagouTests;
			productReference = 05EF3B9C1DCAE10800A5EC57 /* tianxiagouTests.xctest */;
			productType = "com.apple.product-type.bundle.unit-test";
		};
		05EF3BA61DCAE10800A5EC57 /* tianxiagouUITests */ = {
			isa = PBXNativeTarget;
			buildConfigurationList = 05EF3BB61DCAE10800A5EC57 /* Build configuration list for PBXNativeTarget "tianxiagouUITests" */;
			buildPhases = (
				05EF3BA31DCAE10800A5EC57 /* Sources */,
				05EF3BA41DCAE10800A5EC57 /* Frameworks */,
				05EF3BA51DCAE10800A5EC57 /* Resources */,
			);
			buildRules = (
			);
			dependencies = (
				05EF3BA91DCAE10800A5EC57 /* PBXTargetDependency */,
			);
			name = tianxiagouUITests;
			productName = tianxiagouUITests;
			productReference = 05EF3BA71DCAE10800A5EC57 /* tianxiagouUITests.xctest */;
			productType = "com.apple.product-type.bundle.ui-testing";
		};
/* End PBXNativeTarget section */

/* Begin PBXProject section */
		05EF3B7B1DCAE10700A5EC57 /* Project object */ = {
			isa = PBXProject;
			attributes = {
				LastUpgradeCheck = 0800;
				ORGANIZATIONNAME = "胡永亮";
				TargetAttributes = {
					05EF3B821DCAE10700A5EC57 = {
						CreatedOnToolsVersion = 8.0;
						DevelopmentTeam = 883YG8W8Z4;
						ProvisioningStyle = Automatic;
					};
					05EF3B9B1DCAE10800A5EC57 = {
						CreatedOnToolsVersion = 8.0;
						DevelopmentTeam = 883YG8W8Z4;
						ProvisioningStyle = Automatic;
						TestTargetID = 05EF3B821DCAE10700A5EC57;
					};
					05EF3BA61DCAE10800A5EC57 = {
						CreatedOnToolsVersion = 8.0;
						DevelopmentTeam = 883YG8W8Z4;
						ProvisioningStyle = Automatic;
						TestTargetID = 05EF3B821DCAE10700A5EC57;
					};
				};
			};
			buildConfigurationList = 05EF3B7E1DCAE10700A5EC57 /* Build configuration list for PBXProject "tianxiagou" */;
			compatibilityVersion = "Xcode 3.2";
			developmentRegion = English;
			hasScannedForEncodings = 0;
			knownRegions = (
				en,
				Base,
			);
			mainGroup = 05EF3B7A1DCAE10700A5EC57;
			productRefGroup = 05EF3B841DCAE10700A5EC57 /* Products */;
			projectDirPath = "";
			projectRoot = "";
			targets = (
				05EF3B821DCAE10700A5EC57 /* tianxiagou */,
				05EF3B9B1DCAE10800A5EC57 /* tianxiagouTests */,
				05EF3BA61DCAE10800A5EC57 /* tianxiagouUITests */,
			);
		};
/* End PBXProject section */

/* Begin PBXResourcesBuildPhase section */
		05EF3B811DCAE10700A5EC57 /* Resources */ = {
			isa = PBXResourcesBuildPhase;
			buildActionMask = 2147483647;
			files = (
				050D8C3A1DF6BB5900F9D1BA /* img10.jpg in Resources */,
				050D8C441DF6BB5900F9D1BA /* img9.jpg in Resources */,
				050D8C3F1DF6BB5900F9D1BA /* img4.jpg in Resources */,
				05EF3B961DCAE10700A5EC57 /* LaunchScreen.storyboard in Resources */,
				050D8C3B1DF6BB5900F9D1BA /* img11.jpg in Resources */,
				050D8C3E1DF6BB5900F9D1BA /* img3.jpg in Resources */,
				05D45F8C1DEC364C00979E23 /* 5.jpg in Resources */,
				05D45F8B1DEC364C00979E23 /* 4.jpg in Resources */,
				050D8C431DF6BB5900F9D1BA /* img8.jpg in Resources */,
				05D45F881DEC364C00979E23 /* 1.jpg in Resources */,
				050D8C391DF6BB5900F9D1BA /* img1.jpg in Resources */,
				050D8C401DF6BB5900F9D1BA /* img5.jpg in Resources */,
				05D45F891DEC364C00979E23 /* 2.jpg in Resources */,
				050D8C3D1DF6BB5900F9D1BA /* img2.jpg in Resources */,
				050D8C3C1DF6BB5900F9D1BA /* img12.jpg in Resources */,
				050D8C421DF6BB5900F9D1BA /* img7.jpg in Resources */,
				05D45F8A1DEC364C00979E23 /* 3.jpg in Resources */,
				05EF3B931DCAE10700A5EC57 /* Assets.xcassets in Resources */,
				050D8C411DF6BB5900F9D1BA /* img6.jpg in Resources */,
				05EF3B911DCAE10700A5EC57 /* Main.storyboard in Resources */,
			);
			runOnlyForDeploymentPostprocessing = 0;
		};
		05EF3B9A1DCAE10800A5EC57 /* Resources */ = {
			isa = PBXResourcesBuildPhase;
			buildActionMask = 2147483647;
			files = (
			);
			runOnlyForDeploymentPostprocessing = 0;
		};
		05EF3BA51DCAE10800A5EC57 /* Resources */ = {
			isa = PBXResourcesBuildPhase;
			buildActionMask = 2147483647;
			files = (
			);
			runOnlyForDeploymentPostprocessing = 0;
		};
/* End PBXResourcesBuildPhase section */

/* Begin PBXShellScriptBuildPhase section */
		18568536696BC5BB2A081C26 /* [CP] Check Pods Manifest.lock */ = {
			isa = PBXShellScriptBuildPhase;
			buildActionMask = 2147483647;
			files = (
			);
			inputPaths = (
			);
			name = "[CP] Check Pods Manifest.lock";
			outputPaths = (
			);
			runOnlyForDeploymentPostprocessing = 0;
			shellPath = /bin/sh;
			shellScript = "diff \"${PODS_ROOT}/../Podfile.lock\" \"${PODS_ROOT}/Manifest.lock\" > /dev/null\nif [[ $? != 0 ]] ; then\n    cat << EOM\nerror: The sandbox is not in sync with the Podfile.lock. Run 'pod install' or update your CocoaPods installation.\nEOM\n    exit 1\nfi\n";
			showEnvVarsInLog = 0;
		};
		1DBBF5D012522B01031A8EE3 /* [CP] Copy Pods Resources */ = {
			isa = PBXShellScriptBuildPhase;
			buildActionMask = 2147483647;
			files = (
			);
			inputPaths = (
			);
			name = "[CP] Copy Pods Resources";
			outputPaths = (
			);
			runOnlyForDeploymentPostprocessing = 0;
			shellPath = /bin/sh;
			shellScript = "\"${SRCROOT}/Pods/Target Support Files/Pods-tianxiagou/Pods-tianxiagou-resources.sh\"\n";
			showEnvVarsInLog = 0;
		};
		599865A8D4C3BA97D72CD2AC /* [CP] Embed Pods Frameworks */ = {
			isa = PBXShellScriptBuildPhase;
			buildActionMask = 2147483647;
			files = (
			);
			inputPaths = (
			);
			name = "[CP] Embed Pods Frameworks";
			outputPaths = (
			);
			runOnlyForDeploymentPostprocessing = 0;
			shellPath = /bin/sh;
			shellScript = "\"${SRCROOT}/Pods/Target Support Files/Pods-tianxiagou/Pods-tianxiagou-frameworks.sh\"\n";
			showEnvVarsInLog = 0;
		};
/* End PBXShellScriptBuildPhase section */

/* Begin PBXSourcesBuildPhase section */
		05EF3B7F1DCAE10700A5EC57 /* Sources */ = {
			isa = PBXSourcesBuildPhase;
			buildActionMask = 2147483647;
			files = (
				050D8C2A1DF6AD6600F9D1BA /* HYLTypeCollectionViewCell.m in Sources */,
				05D45F981DEE7D8200979E23 /* HYLHomeList.m in Sources */,
				05D198CD1E110EAC006611A7 /* TAAbstractDotView.m in Sources */,
				05D45F5C1DEBCE1200979E23 /* UIBarButtonItem+Extend.m in Sources */,
				05D45F771DEC03EC00979E23 /* HYLHomeViewController.m in Sources */,
				05D45FB71DF0073F00979E23 /* HYLSliderViewController.m in Sources */,
				05EF3B8E1DCAE10700A5EC57 /* ViewController.m in Sources */,
				05D45F7B1DEC080300979E23 /* HYLNavigationBar.m in Sources */,
				05D198CE1E110EAC006611A7 /* TAAnimatedDotView.m in Sources */,
				0511FAC31DFE6B620062593A /* MineTableViewCell.m in Sources */,
				05D45F6B1DEBDB9900979E23 /* HYL_TabBarButton.m in Sources */,
				050D8C4E1DF8F63F00F9D1BA /* HYLShoppingListCell.m in Sources */,
				050D8C4B1DF8128700F9D1BA /* HYLShoppingListVC.m in Sources */,
				05D45FA41DEEB33800979E23 /* HYLTypeViewController.m in Sources */,
				05D45F541DEBCD4A00979E23 /* HYLTabBarController.m in Sources */,
				0511FAC01DFE39080062593A /* UIImage+Clip.m in Sources */,
				05D198D41E111489006611A7 /* UIView+HYLExtension.m in Sources */,
				05D198C31E110CF7006611A7 /* HYLCollectionViewCell.m in Sources */,
				05D198D01E110EAC006611A7 /* TAPageControl.m in Sources */,
				05D45F871DEC364C00979E23 /* CollectionViewCell.m in Sources */,
				050D8C511DF9045200F9D1BA /* ShoppingListModel.m in Sources */,
				0511FACC1DFEAF370062593A /* MineModel.m in Sources */,
				05D45F6C1DEBDB9900979E23 /* HYL_TabBarViewController.m in Sources */,
				05EF3B8B1DCAE10700A5EC57 /* AppDelegate.m in Sources */,
				05D198CF1E110EAC006611A7 /* TADotView.m in Sources */,
				05A0DA961DFA9FA600B091AF /* HYLMineViewController.m in Sources */,
				050D8C2B1DF6AD6600F9D1BA /* typeModel.m in Sources */,
				05D45FB41DF003AF00979E23 /* HYLChildViewController.m in Sources */,
				05D45F5D1DEBCE1200979E23 /* UIColor+Hex.m in Sources */,
				05D45F741DEC03BB00979E23 /* HYLBaseViewController.m in Sources */,
				05EF3B881DCAE10700A5EC57 /* main.m in Sources */,
				05D45F5E1DEBCE1200979E23 /* UIView+Extend.m in Sources */,
				05D45F6A1DEBDB9900979E23 /* HYL_TabBar.m in Sources */,
				05D45F621DEBCE6C00979E23 /* HNavigationController.m in Sources */,
				05D45F941DEE761D00979E23 /* HYLCollectionView.m in Sources */,
				0531C9E21E0934A700F098B5 /* UIButton_Line.m in Sources */,
				0511FAC91DFEAE7E0062593A /* HYLLoginViewController.m in Sources */,
				050D8C1F1DF6964A00F9D1BA /* HYLTypeShowViewController.m in Sources */,
				05D198C01E10B56E006611A7 /* HYLCircleScrollView.m in Sources */,
				0511FACF1DFFEC2C0062593A /* UIButton_Num.m in Sources */,
				0511FAC61DFE8AA90062593A /* UIButton_Reset.m in Sources */,
				05D45F8D1DEC364C00979E23 /* ScaleFlowLayout.m in Sources */,
				05D45F9C1DEE9D6F00979E23 /* bannerScroll.m in Sources */,
				05D45F9F1DEEA1A700979E23 /* HYLHomeListCell.m in Sources */,
				05D45F531DEBCD4A00979E23 /* HYLTabBar.m in Sources */,
			);
			runOnlyForDeploymentPostprocessing = 0;
		};
		05EF3B981DCAE10800A5EC57 /* Sources */ = {
			isa = PBXSourcesBuildPhase;
			buildActionMask = 2147483647;
			files = (
				05EF3BA11DCAE10800A5EC57 /* tianxiagouTests.m in Sources */,
			);
			runOnlyForDeploymentPostprocessing = 0;
		};
		05EF3BA31DCAE10800A5EC57 /* Sources */ = {
			isa = PBXSourcesBuildPhase;
			buildActionMask = 2147483647;
			files = (
				05EF3BAC1DCAE10800A5EC57 /* tianxiagouUITests.m in Sources */,
			);
			runOnlyForDeploymentPostprocessing = 0;
		};
/* End PBXSourcesBuildPhase section */

/* Begin PBXTargetDependency section */
		05EF3B9E1DCAE10800A5EC57 /* PBXTargetDependency */ = {
			isa = PBXTargetDependency;
			target = 05EF3B821DCAE10700A5EC57 /* tianxiagou */;
			targetProxy = 05EF3B9D1DCAE10800A5EC57 /* PBXContainerItemProxy */;
		};
		05EF3BA91DCAE10800A5EC57 /* PBXTargetDependency */ = {
			isa = PBXTargetDependency;
			target = 05EF3B821DCAE10700A5EC57 /* tianxiagou */;
			targetProxy = 05EF3BA81DCAE10800A5EC57 /* PBXContainerItemProxy */;
		};
/* End PBXTargetDependency section */

/* Begin PBXVariantGroup section */
		05EF3B8F1DCAE10700A5EC57 /* Main.storyboard */ = {
			isa = PBXVariantGroup;
			children = (
				05EF3B901DCAE10700A5EC57 /* Base */,
			);
			name = Main.storyboard;
			sourceTree = "<group>";
		};
		05EF3B941DCAE10700A5EC57 /* LaunchScreen.storyboard */ = {
			isa = PBXVariantGroup;
			children = (
				05EF3B951DCAE10700A5EC57 /* Base */,
			);
			name = LaunchScreen.storyboard;
			sourceTree = "<group>";
		};
/* End PBXVariantGroup section */

/* Begin XCBuildConfiguration section */
		05EF3BAE1DCAE10800A5EC57 /* Debug */ = {
			isa = XCBuildConfiguration;
			buildSettings = {
				ALWAYS_SEARCH_USER_PATHS = NO;
				CLANG_ANALYZER_NONNULL = YES;
				CLANG_CXX_LANGUAGE_STANDARD = "gnu++0x";
				CLANG_CXX_LIBRARY = "libc++";
				CLANG_ENABLE_MODULES = YES;
				CLANG_ENABLE_OBJC_ARC = YES;
				CLANG_WARN_BOOL_CONVERSION = YES;
				CLANG_WARN_CONSTANT_CONVERSION = YES;
				CLANG_WARN_DIRECT_OBJC_ISA_USAGE = YES_ERROR;
				CLANG_WARN_DOCUMENTATION_COMMENTS = YES;
				CLANG_WARN_EMPTY_BODY = YES;
				CLANG_WARN_ENUM_CONVERSION = YES;
				CLANG_WARN_INFINITE_RECURSION = YES;
				CLANG_WARN_INT_CONVERSION = YES;
				CLANG_WARN_OBJC_ROOT_CLASS = YES_ERROR;
				CLANG_WARN_SUSPICIOUS_MOVES = YES;
				CLANG_WARN_UNREACHABLE_CODE = YES;
				CLANG_WARN__DUPLICATE_METHOD_MATCH = YES;
				"CODE_SIGN_IDENTITY[sdk=iphoneos*]" = "iPhone Developer";
				COPY_PHASE_STRIP = NO;
				DEBUG_INFORMATION_FORMAT = dwarf;
				ENABLE_STRICT_OBJC_MSGSEND = YES;
				ENABLE_TESTABILITY = YES;
				GCC_C_LANGUAGE_STANDARD = gnu99;
				GCC_DYNAMIC_NO_PIC = NO;
				GCC_NO_COMMON_BLOCKS = YES;
				GCC_OPTIMIZATION_LEVEL = 0;
				GCC_PREPROCESSOR_DEFINITIONS = (
					"DEBUG=1",
					"$(inherited)",
				);
				GCC_WARN_64_TO_32_BIT_CONVERSION = YES;
				GCC_WARN_ABOUT_RETURN_TYPE = YES_ERROR;
				GCC_WARN_UNDECLARED_SELECTOR = YES;
				GCC_WARN_UNINITIALIZED_AUTOS = YES_AGGRESSIVE;
				GCC_WARN_UNUSED_FUNCTION = YES;
				GCC_WARN_UNUSED_VARIABLE = YES;
				IPHONEOS_DEPLOYMENT_TARGET = 10.0;
				MTL_ENABLE_DEBUG_INFO = YES;
				ONLY_ACTIVE_ARCH = YES;
				SDKROOT = iphoneos;
				TARGETED_DEVICE_FAMILY = "1,2";
			};
			name = Debug;
		};
		05EF3BAF1DCAE10800A5EC57 /* Release */ = {
			isa = XCBuildConfiguration;
			buildSettings = {
				ALWAYS_SEARCH_USER_PATHS = NO;
				CLANG_ANALYZER_NONNULL = YES;
				CLANG_CXX_LANGUAGE_STANDARD = "gnu++0x";
				CLANG_CXX_LIBRARY = "libc++";
				CLANG_ENABLE_MODULES = YES;
				CLANG_ENABLE_OBJC_ARC = YES;
				CLANG_WARN_BOOL_CONVERSION = YES;
				CLANG_WARN_CONSTANT_CONVERSION = YES;
				CLANG_WARN_DIRECT_OBJC_ISA_USAGE = YES_ERROR;
				CLANG_WARN_DOCUMENTATION_COMMENTS = YES;
				CLANG_WARN_EMPTY_BODY = YES;
				CLANG_WARN_ENUM_CONVERSION = YES;
				CLANG_WARN_INFINITE_RECURSION = YES;
				CLANG_WARN_INT_CONVERSION = YES;
				CLANG_WARN_OBJC_ROOT_CLASS = YES_ERROR;
				CLANG_WARN_SUSPICIOUS_MOVES = YES;
				CLANG_WARN_UNREACHABLE_CODE = YES;
				CLANG_WARN__DUPLICATE_METHOD_MATCH = YES;
				"CODE_SIGN_IDENTITY[sdk=iphoneos*]" = "iPhone Developer";
				COPY_PHASE_STRIP = NO;
				DEBUG_INFORMATION_FORMAT = "dwarf-with-dsym";
				ENABLE_NS_ASSERTIONS = NO;
				ENABLE_STRICT_OBJC_MSGSEND = YES;
				GCC_C_LANGUAGE_STANDARD = gnu99;
				GCC_NO_COMMON_BLOCKS = YES;
				GCC_WARN_64_TO_32_BIT_CONVERSION = YES;
				GCC_WARN_ABOUT_RETURN_TYPE = YES_ERROR;
				GCC_WARN_UNDECLARED_SELECTOR = YES;
				GCC_WARN_UNINITIALIZED_AUTOS = YES_AGGRESSIVE;
				GCC_WARN_UNUSED_FUNCTION = YES;
				GCC_WARN_UNUSED_VARIABLE = YES;
				IPHONEOS_DEPLOYMENT_TARGET = 10.0;
				MTL_ENABLE_DEBUG_INFO = NO;
				SDKROOT = iphoneos;
				TARGETED_DEVICE_FAMILY = "1,2";
				VALIDATE_PRODUCT = YES;
			};
			name = Release;
		};
		05EF3BB11DCAE10800A5EC57 /* Debug */ = {
			isa = XCBuildConfiguration;
			baseConfigurationReference = 5538FC19DBE5AA934ED9B1F6 /* Pods-tianxiagou.debug.xcconfig */;
			buildSettings = {
				ASSETCATALOG_COMPILER_APPICON_NAME = AppIcon;
				DEVELOPMENT_TEAM = 883YG8W8Z4;
				INFOPLIST_FILE = tianxiagou/Info.plist;
				LD_RUNPATH_SEARCH_PATHS = "$(inherited) @executable_path/Frameworks";
				PRODUCT_BUNDLE_IDENTIFIER = com.hu.jiugui;
				PRODUCT_NAME = "$(TARGET_NAME)";
				TARGETED_DEVICE_FAMILY = 1;
				VALID_ARCHS = "arm64 armv7 armv7s";
			};
			name = Debug;
		};
		05EF3BB21DCAE10800A5EC57 /* Release */ = {
			isa = XCBuildConfiguration;
			baseConfigurationReference = 191EDB74A9A6673E73C2AD55 /* Pods-tianxiagou.release.xcconfig */;
			buildSettings = {
				ASSETCATALOG_COMPILER_APPICON_NAME = AppIcon;
				DEVELOPMENT_TEAM = 883YG8W8Z4;
				INFOPLIST_FILE = tianxiagou/Info.plist;
				LD_RUNPATH_SEARCH_PATHS = "$(inherited) @executable_path/Frameworks";
				PRODUCT_BUNDLE_IDENTIFIER = com.hu.jiugui;
				PRODUCT_NAME = "$(TARGET_NAME)";
				TARGETED_DEVICE_FAMILY = 1;
				VALID_ARCHS = "arm64 armv7 armv7s";
			};
			name = Release;
		};
		05EF3BB41DCAE10800A5EC57 /* Debug */ = {
			isa = XCBuildConfiguration;
			buildSettings = {
				BUNDLE_LOADER = "$(TEST_HOST)";
				DEVELOPMENT_TEAM = 883YG8W8Z4;
				INFOPLIST_FILE = tianxiagouTests/Info.plist;
				LD_RUNPATH_SEARCH_PATHS = "$(inherited) @executable_path/Frameworks @loader_path/Frameworks";
				PRODUCT_BUNDLE_IDENTIFIER = com.hu.tianxiagouTests;
				PRODUCT_NAME = "$(TARGET_NAME)";
				TEST_HOST = "$(BUILT_PRODUCTS_DIR)/tianxiagou.app/tianxiagou";
			};
			name = Debug;
		};
		05EF3BB51DCAE10800A5EC57 /* Release */ = {
			isa = XCBuildConfiguration;
			buildSettings = {
				BUNDLE_LOADER = "$(TEST_HOST)";
				DEVELOPMENT_TEAM = 883YG8W8Z4;
				INFOPLIST_FILE = tianxiagouTests/Info.plist;
				LD_RUNPATH_SEARCH_PATHS = "$(inherited) @executable_path/Frameworks @loader_path/Frameworks";
				PRODUCT_BUNDLE_IDENTIFIER = com.hu.tianxiagouTests;
				PRODUCT_NAME = "$(TARGET_NAME)";
				TEST_HOST = "$(BUILT_PRODUCTS_DIR)/tianxiagou.app/tianxiagou";
			};
			name = Release;
		};
		05EF3BB71DCAE10800A5EC57 /* Debug */ = {
			isa = XCBuildConfiguration;
			buildSettings = {
				DEVELOPMENT_TEAM = 883YG8W8Z4;
				INFOPLIST_FILE = tianxiagouUITests/Info.plist;
				LD_RUNPATH_SEARCH_PATHS = "$(inherited) @executable_path/Frameworks @loader_path/Frameworks";
				PRODUCT_BUNDLE_IDENTIFIER = com.hu.tianxiagouUITests;
				PRODUCT_NAME = "$(TARGET_NAME)";
				TEST_TARGET_NAME = tianxiagou;
			};
			name = Debug;
		};
		05EF3BB81DCAE10800A5EC57 /* Release */ = {
			isa = XCBuildConfiguration;
			buildSettings = {
				DEVELOPMENT_TEAM = 883YG8W8Z4;
				INFOPLIST_FILE = tianxiagouUITests/Info.plist;
				LD_RUNPATH_SEARCH_PATHS = "$(inherited) @executable_path/Frameworks @loader_path/Frameworks";
				PRODUCT_BUNDLE_IDENTIFIER = com.hu.tianxiagouUITests;
				PRODUCT_NAME = "$(TARGET_NAME)";
				TEST_TARGET_NAME = tianxiagou;
			};
			name = Release;
		};
/* End XCBuildConfiguration section */

/* Begin XCConfigurationList section */
		05EF3B7E1DCAE10700A5EC57 /* Build configuration list for PBXProject "tianxiagou" */ = {
			isa = XCConfigurationList;
			buildConfigurations = (
				05EF3BAE1DCAE10800A5EC57 /* Debug */,
				05EF3BAF1DCAE10800A5EC57 /* Release */,
			);
			defaultConfigurationIsVisible = 0;
			defaultConfigurationName = Release;
		};
		05EF3BB01DCAE10800A5EC57 /* Build configuration list for PBXNativeTarget "tianxiagou" */ = {
			isa = XCConfigurationList;
			buildConfigurations = (
				05EF3BB11DCAE10800A5EC57 /* Debug */,
				05EF3BB21DCAE10800A5EC57 /* Release */,
			);
			defaultConfigurationIsVisible = 0;
			defaultConfigurationName = Release;
		};
		05EF3BB31DCAE10800A5EC57 /* Build configuration list for PBXNativeTarget "tianxiagouTests" */ = {
			isa = XCConfigurationList;
			buildConfigurations = (
				05EF3BB41DCAE10800A5EC57 /* Debug */,
				05EF3BB51DCAE10800A5EC57 /* Release */,
			);
			defaultConfigurationIsVisible = 0;
			defaultConfigurationName = Release;
		};
		05EF3BB61DCAE10800A5EC57 /* Build configuration list for PBXNativeTarget "tianxiagouUITests" */ = {
			isa = XCConfigurationList;
			buildConfigurations = (
				05EF3BB71DCAE10800A5EC57 /* Debug */,
				05EF3BB81DCAE10800A5EC57 /* Release */,
			);
			defaultConfigurationIsVisible = 0;
			defaultConfigurationName = Release;
		};
/* End XCConfigurationList section */
	};
	rootObject = 05EF3B7B1DCAE10700A5EC57 /* Project object */;
}
